
Microsoft Visual Studio Solution File, Format Version 12.00
# Visual Studio 15
VisualStudioVersion = 15.0.27004.2009
MinimumVisualStudioVersion = 10.0.40219.1
Project("{9A19103F-16F7-4668-BE54-9A1E7A4F7556}") = "Xugege.DotnetExtension.Com", "src\Xugege.DotnetExtension.Com\Xugege.DotnetExtension.Com.csproj", "{50C1C400-73EA-477F-8CD7-7A2BBE84FFD6}"
EndProject
Project("{FAE04EC0-301F-11D3-BF4B-00C04F79EFBC}") = "Test", "test\Test\Test.csproj", "{8C914A06-DC2D-48DF-B761-93E2158C8BCD}"
EndProject
Global
	GlobalSection(SolutionConfigurationPlatforms) = preSolution
		Debug|Any CPU = Debug|Any CPU
		Release|Any CPU = Release|Any CPU
	EndGlobalSection
	GlobalSection(ProjectConfigurationPlatforms) = postSolution
		{50C1C400-73EA-477F-8CD7-7A2BBE84FFD6}.Debug|Any CPU.ActiveCfg = Debug|Any CPU
		{50C1C400-73EA-477F-8CD7-7A2BBE84FFD6}.Debug|Any CPU.Build.0 = Debug|Any CPU
		{50C1C400-73EA-477F-8CD7-7A2BBE84FFD6}.Release|Any CPU.ActiveCfg = Release|Any CPU
		{50C1C400-73EA-477F-8CD7-7A2BBE84FFD6}.Release|Any CPU.Build.0 = Release|Any CPU
		{8C914A06-DC2D-48DF-B761-93E2158C8BCD}.Debug|Any CPU.ActiveCfg = Debug|Any CPU
		{8C914A06-DC2D-48DF-B761-93E2158C8BCD}.Debug|Any CPU.Build.0 = Debug|Any CPU
		{8C914A06-DC2D-48DF-B761-93E2158C8BCD}.Release|Any CPU.ActiveCfg = Release|Any CPU
		{8C914A06-DC2D-48DF-B761-93E2158C8BCD}.Release|Any CPU.Build.0 = Release|Any CPU
	EndGlobalSection
	GlobalSection(SolutionProperties) = preSolution
		HideSolutionNode = FALSE
	EndGlobalSection
	GlobalSection(ExtensibilityGlobals) = postSolution
		SolutionGuid = {0486A01F-6EE8-4C84-93E5-4145EECC5FA3}
	EndGlobalSection
EndGlobal
